
Microsoft Visual Studio Solution File, Format Version 11.00
# Visual Studio 2010
Project("{8BC9CEB8-8B4A-11D0-8D11-00A0C91BC942}") = "Labyrinth", "Labyrinth.vcxproj", "{AFFA44D9-4465-4B8D-90BE-AC86C445F5F0}"
EndProject
Global
	GlobalSection(SolutionConfigurationPlatforms) = preSolution
		Debug|Win32 = Debug|Win32
		Release|Win32 = Release|Win32
	EndGlobalSection
	GlobalSection(ProjectConfigurationPlatforms) = postSolution
		{AFFA44D9-4465-4B8D-90BE-AC86C445F5F0}.Debug|Win32.ActiveCfg = Debug|Win32
		{AFFA44D9-4465-4B8D-90BE-AC86C445F5F0}.Debug|Win32.Build.0 = Debug|Win32
		{AFFA44D9-4465-4B8D-90BE-AC86C445F5F0}.Release|Win32.ActiveCfg = Release|Win32
		{AFFA44D9-4465-4B8D-90BE-AC86C445F5F0}.Release|Win32.Build.0 = Release|Win32
	EndGlobalSection
	GlobalSection(SolutionProperties) = preSolution
		HideSolutionNode = FALSE
	EndGlobalSection
EndGlobal
